
Microsoft Visual Studio Solution File, Format Version 12.00
# Visual Studio 15
VisualStudioVersion = 15.0.28307.421
MinimumVisualStudioVersion = 10.0.40219.1
Project("{FAE04EC0-301F-11D3-BF4B-00C04F79EFBC}") = "juan", "juan\juan.csproj", "{B107F21F-28F3-444F-A180-1660CA5DE51B}"
EndProject
Global
	GlobalSection(SolutionConfigurationPlatforms) = preSolution
		Debug|Any CPU = Debug|Any CPU
		Release|Any CPU = Release|Any CPU
	EndGlobalSection
	GlobalSection(ProjectConfigurationPlatforms) = postSolution
		{B107F21F-28F3-444F-A180-1660CA5DE51B}.Debug|Any CPU.ActiveCfg = Debug|Any CPU
		{B107F21F-28F3-444F-A180-1660CA5DE51B}.Debug|Any CPU.Build.0 = Debug|Any CPU
		{B107F21F-28F3-444F-A180-1660CA5DE51B}.Release|Any CPU.ActiveCfg = Release|Any CPU
		{B107F21F-28F3-444F-A180-1660CA5DE51B}.Release|Any CPU.Build.0 = Release|Any CPU
	EndGlobalSection
	GlobalSection(SolutionProperties) = preSolution
		HideSolutionNode = FALSE
	EndGlobalSection
	GlobalSection(ExtensibilityGlobals) = postSolution
		SolutionGuid = {8F780BEF-50DA-4A73-BA03-28A7F89431A9}
	EndGlobalSection
EndGlobal
